
Microsoft Visual Studio Solution File, Format Version 12.00
# Visual Studio Version 17
VisualStudioVersion = 17.9.34714.143
MinimumVisualStudioVersion = 10.0.40219.1
Project("{FAE04EC0-301F-11D3-BF4B-00C04F79EFBC}") = "ControleDeInventario", "ControleDeInventario.csproj", "{12B0D967-045D-4B0D-9EFB-1A3435411B56}"
EndProject
Project("{FAE04EC0-301F-11D3-BF4B-00C04F79EFBC}") = "ControleDeInventario.Test", "..\ControleDeInventario.Test\ControleDeInventario.Test.csproj", "{8BB4875C-C8C4-493D-A823-40E70BF5BBB9}"
EndProject
Global
	GlobalSection(SolutionConfigurationPlatforms) = preSolution
		Debug|Any CPU = Debug|Any CPU
		Release|Any CPU = Release|Any CPU
	EndGlobalSection
	GlobalSection(ProjectConfigurationPlatforms) = postSolution
		{12B0D967-045D-4B0D-9EFB-1A3435411B56}.Debug|Any CPU.ActiveCfg = Debug|Any CPU
		{12B0D967-045D-4B0D-9EFB-1A3435411B56}.Debug|Any CPU.Build.0 = Debug|Any CPU
		{12B0D967-045D-4B0D-9EFB-1A3435411B56}.Release|Any CPU.ActiveCfg = Release|Any CPU
		{12B0D967-045D-4B0D-9EFB-1A3435411B56}.Release|Any CPU.Build.0 = Release|Any CPU
		{8BB4875C-C8C4-493D-A823-40E70BF5BBB9}.Debug|Any CPU.ActiveCfg = Debug|Any CPU
		{8BB4875C-C8C4-493D-A823-40E70BF5BBB9}.Debug|Any CPU.Build.0 = Debug|Any CPU
		{8BB4875C-C8C4-493D-A823-40E70BF5BBB9}.Release|Any CPU.ActiveCfg = Release|Any CPU
		{8BB4875C-C8C4-493D-A823-40E70BF5BBB9}.Release|Any CPU.Build.0 = Release|Any CPU
	EndGlobalSection
	GlobalSection(SolutionProperties) = preSolution
		HideSolutionNode = FALSE
	EndGlobalSection
	GlobalSection(ExtensibilityGlobals) = postSolution
		SolutionGuid = {7B5D9023-BAD7-4861-BC76-07B7474724CA}
	EndGlobalSection
EndGlobal
